
Microsoft Visual Studio Solution File, Format Version 12.00
# Visual Studio Version 16
VisualStudioVersion = 16.0.30309.148
MinimumVisualStudioVersion = 10.0.40219.1
Project("{FAE04EC0-301F-11D3-BF4B-00C04F79EFBC}") = "SearchReaderMVC", "SearchReaderMVC\SearchReaderMVC.csproj", "{93EE5F53-1B21-48E8-BA5C-AB2B89C840CB}"
EndProject
Global
	GlobalSection(SolutionConfigurationPlatforms) = preSolution
		Debug|Any CPU = Debug|Any CPU
		Release|Any CPU = Release|Any CPU
	EndGlobalSection
	GlobalSection(ProjectConfigurationPlatforms) = postSolution
		{93EE5F53-1B21-48E8-BA5C-AB2B89C840CB}.Debug|Any CPU.ActiveCfg = Debug|Any CPU
		{93EE5F53-1B21-48E8-BA5C-AB2B89C840CB}.Debug|Any CPU.Build.0 = Debug|Any CPU
		{93EE5F53-1B21-48E8-BA5C-AB2B89C840CB}.Release|Any CPU.ActiveCfg = Release|Any CPU
		{93EE5F53-1B21-48E8-BA5C-AB2B89C840CB}.Release|Any CPU.Build.0 = Release|Any CPU
	EndGlobalSection
	GlobalSection(SolutionProperties) = preSolution
		HideSolutionNode = FALSE
	EndGlobalSection
	GlobalSection(ExtensibilityGlobals) = postSolution
		SolutionGuid = {3695582D-1CF3-442F-A307-B12C6CB18C41}
	EndGlobalSection
EndGlobal
